
Microsoft Visual Studio Solution File, Format Version 12.00
# Visual Studio 2013
VisualStudioVersion = 12.0.31101.0
MinimumVisualStudioVersion = 10.0.40219.1
Project("{FAE04EC0-301F-11D3-BF4B-00C04F79EFBC}") = "TempleFileFormats", "TempleFileFormats\TempleFileFormats.csproj", "{FAB78FD9-5F17-45CC-859E-ACC7A3D6C837}"
EndProject
Project("{2150E333-8FDC-42A3-9474-1A3956D46DE8}") = "Utilities", "Utilities", "{BCB37FF9-E2D7-4935-87A2-E42037B2BA55}"
EndProject
Project("{FAE04EC0-301F-11D3-BF4B-00C04F79EFBC}") = "DumpObj", "DumpMob\DumpObj.csproj", "{90B50DEA-55A1-4294-91BA-F242DC212282}"
EndProject
Project("{FAE04EC0-301F-11D3-BF4B-00C04F79EFBC}") = "DumpFacWalk", "DumpFacWalk\DumpFacWalk.csproj", "{786BBAD9-4003-4704-9ED1-D39EFBDE414C}"
EndProject
Project("{FAE04EC0-301F-11D3-BF4B-00C04F79EFBC}") = "DumpMes", "DumpMes\DumpMes.csproj", "{E4FE906A-70F7-403D-8422-C28754D5F3C2}"
EndProject
Project("{FAE04EC0-301F-11D3-BF4B-00C04F79EFBC}") = "DumpJmp", "DumpJmp\DumpJmp.csproj", "{17A72484-BDE2-4150-98C7-586D675E3D82}"
EndProject
Project("{FAE04EC0-301F-11D3-BF4B-00C04F79EFBC}") = "ConsoleApplication", "ConsoleApplication\ConsoleApplication.csproj", "{09AF8515-E91F-4CCA-BA99-4E1ED996F6B4}"
EndProject
Project("{FAE04EC0-301F-11D3-BF4B-00C04F79EFBC}") = "DumpSectors", "DumpSectors\DumpSectors.csproj", "{831DA75B-2945-4152-9F8C-78741DEBF023}"
EndProject
Global
	GlobalSection(SolutionConfigurationPlatforms) = preSolution
		Debug|Any CPU = Debug|Any CPU
		Debug|Mixed Platforms = Debug|Mixed Platforms
		Debug|Win32 = Debug|Win32
		Release|Any CPU = Release|Any CPU
		Release|Mixed Platforms = Release|Mixed Platforms
		Release|Win32 = Release|Win32
	EndGlobalSection
	GlobalSection(ProjectConfigurationPlatforms) = postSolution
		{FAB78FD9-5F17-45CC-859E-ACC7A3D6C837}.Debug|Any CPU.ActiveCfg = Debug|Any CPU
		{FAB78FD9-5F17-45CC-859E-ACC7A3D6C837}.Debug|Any CPU.Build.0 = Debug|Any CPU
		{FAB78FD9-5F17-45CC-859E-ACC7A3D6C837}.Debug|Mixed Platforms.ActiveCfg = Debug|Any CPU
		{FAB78FD9-5F17-45CC-859E-ACC7A3D6C837}.Debug|Mixed Platforms.Build.0 = Debug|Any CPU
		{FAB78FD9-5F17-45CC-859E-ACC7A3D6C837}.Debug|Win32.ActiveCfg = Debug|Any CPU
		{FAB78FD9-5F17-45CC-859E-ACC7A3D6C837}.Release|Any CPU.ActiveCfg = Release|Any CPU
		{FAB78FD9-5F17-45CC-859E-ACC7A3D6C837}.Release|Any CPU.Build.0 = Release|Any CPU
		{FAB78FD9-5F17-45CC-859E-ACC7A3D6C837}.Release|Mixed Platforms.ActiveCfg = Release|Any CPU
		{FAB78FD9-5F17-45CC-859E-ACC7A3D6C837}.Release|Mixed Platforms.Build.0 = Release|Any CPU
		{FAB78FD9-5F17-45CC-859E-ACC7A3D6C837}.Release|Win32.ActiveCfg = Release|Any CPU
		{90B50DEA-55A1-4294-91BA-F242DC212282}.Debug|Any CPU.ActiveCfg = Debug|Any CPU
		{90B50DEA-55A1-4294-91BA-F242DC212282}.Debug|Any CPU.Build.0 = Debug|Any CPU
		{90B50DEA-55A1-4294-91BA-F242DC212282}.Debug|Mixed Platforms.ActiveCfg = Debug|Any CPU
		{90B50DEA-55A1-4294-91BA-F242DC212282}.Debug|Mixed Platforms.Build.0 = Debug|Any CPU
		{90B50DEA-55A1-4294-91BA-F242DC212282}.Debug|Win32.ActiveCfg = Debug|Any CPU
		{90B50DEA-55A1-4294-91BA-F242DC212282}.Release|Any CPU.ActiveCfg = Release|Any CPU
		{90B50DEA-55A1-4294-91BA-F242DC212282}.Release|Any CPU.Build.0 = Release|Any CPU
		{90B50DEA-55A1-4294-91BA-F242DC212282}.Release|Mixed Platforms.ActiveCfg = Release|Any CPU
		{90B50DEA-55A1-4294-91BA-F242DC212282}.Release|Mixed Platforms.Build.0 = Release|Any CPU
		{90B50DEA-55A1-4294-91BA-F242DC212282}.Release|Win32.ActiveCfg = Release|Any CPU
		{786BBAD9-4003-4704-9ED1-D39EFBDE414C}.Debug|Any CPU.ActiveCfg = Debug|Any CPU
		{786BBAD9-4003-4704-9ED1-D39EFBDE414C}.Debug|Any CPU.Build.0 = Debug|Any CPU
		{786BBAD9-4003-4704-9ED1-D39EFBDE414C}.Debug|Mixed Platforms.ActiveCfg = Debug|Any CPU
		{786BBAD9-4003-4704-9ED1-D39EFBDE414C}.Debug|Mixed Platforms.Build.0 = Debug|Any CPU
		{786BBAD9-4003-4704-9ED1-D39EFBDE414C}.Debug|Win32.ActiveCfg = Debug|Any CPU
		{786BBAD9-4003-4704-9ED1-D39EFBDE414C}.Debug|Win32.Build.0 = Debug|Any CPU
		{786BBAD9-4003-4704-9ED1-D39EFBDE414C}.Release|Any CPU.ActiveCfg = Release|Any CPU
		{786BBAD9-4003-4704-9ED1-D39EFBDE414C}.Release|Any CPU.Build.0 = Release|Any CPU
		{786BBAD9-4003-4704-9ED1-D39EFBDE414C}.Release|Mixed Platforms.ActiveCfg = Release|Any CPU
		{786BBAD9-4003-4704-9ED1-D39EFBDE414C}.Release|Mixed Platforms.Build.0 = Release|Any CPU
		{786BBAD9-4003-4704-9ED1-D39EFBDE414C}.Release|Win32.ActiveCfg = Release|Any CPU
		{786BBAD9-4003-4704-9ED1-D39EFBDE414C}.Release|Win32.Build.0 = Release|Any CPU
		{E4FE906A-70F7-403D-8422-C28754D5F3C2}.Debug|Any CPU.ActiveCfg = Debug|Any CPU
		{E4FE906A-70F7-403D-8422-C28754D5F3C2}.Debug|Any CPU.Build.0 = Debug|Any CPU
		{E4FE906A-70F7-403D-8422-C28754D5F3C2}.Debug|Mixed Platforms.ActiveCfg = Debug|Any CPU
		{E4FE906A-70F7-403D-8422-C28754D5F3C2}.Debug|Mixed Platforms.Build.0 = Debug|Any CPU
		{E4FE906A-70F7-403D-8422-C28754D5F3C2}.Debug|Win32.ActiveCfg = Debug|Any CPU
		{E4FE906A-70F7-403D-8422-C28754D5F3C2}.Debug|Win32.Build.0 = Debug|Any CPU
		{E4FE906A-70F7-403D-8422-C28754D5F3C2}.Release|Any CPU.ActiveCfg = Release|Any CPU
		{E4FE906A-70F7-403D-8422-C28754D5F3C2}.Release|Any CPU.Build.0 = Release|Any CPU
		{E4FE906A-70F7-403D-8422-C28754D5F3C2}.Release|Mixed Platforms.ActiveCfg = Release|Any CPU
		{E4FE906A-70F7-403D-8422-C28754D5F3C2}.Release|Mixed Platforms.Build.0 = Release|Any CPU
		{E4FE906A-70F7-403D-8422-C28754D5F3C2}.Release|Win32.ActiveCfg = Release|Any CPU
		{E4FE906A-70F7-403D-8422-C28754D5F3C2}.Release|Win32.Build.0 = Release|Any CPU
		{17A72484-BDE2-4150-98C7-586D675E3D82}.Debug|Any CPU.ActiveCfg = Debug|Any CPU
		{17A72484-BDE2-4150-98C7-586D675E3D82}.Debug|Any CPU.Build.0 = Debug|Any CPU
		{17A72484-BDE2-4150-98C7-586D675E3D82}.Debug|Mixed Platforms.ActiveCfg = Debug|Any CPU
		{17A72484-BDE2-4150-98C7-586D675E3D82}.Debug|Mixed Platforms.Build.0 = Debug|Any CPU
		{17A72484-BDE2-4150-98C7-586D675E3D82}.Debug|Win32.ActiveCfg = Debug|Any CPU
		{17A72484-BDE2-4150-98C7-586D675E3D82}.Debug|Win32.Build.0 = Debug|Any CPU
		{17A72484-BDE2-4150-98C7-586D675E3D82}.Release|Any CPU.ActiveCfg = Release|Any CPU
		{17A72484-BDE2-4150-98C7-586D675E3D82}.Release|Any CPU.Build.0 = Release|Any CPU
		{17A72484-BDE2-4150-98C7-586D675E3D82}.Release|Mixed Platforms.ActiveCfg = Release|Any CPU
		{17A72484-BDE2-4150-98C7-586D675E3D82}.Release|Mixed Platforms.Build.0 = Release|Any CPU
		{17A72484-BDE2-4150-98C7-586D675E3D82}.Release|Win32.ActiveCfg = Release|Any CPU
		{17A72484-BDE2-4150-98C7-586D675E3D82}.Release|Win32.Build.0 = Release|Any CPU
		{09AF8515-E91F-4CCA-BA99-4E1ED996F6B4}.Debug|Any CPU.ActiveCfg = Debug|Any CPU
		{09AF8515-E91F-4CCA-BA99-4E1ED996F6B4}.Debug|Any CPU.Build.0 = Debug|Any CPU
		{09AF8515-E91F-4CCA-BA99-4E1ED996F6B4}.Debug|Mixed Platforms.ActiveCfg = Debug|Any CPU
		{09AF8515-E91F-4CCA-BA99-4E1ED996F6B4}.Debug|Mixed Platforms.Build.0 = Debug|Any CPU
		{09AF8515-E91F-4CCA-BA99-4E1ED996F6B4}.Debug|Win32.ActiveCfg = Debug|Any CPU
		{09AF8515-E91F-4CCA-BA99-4E1ED996F6B4}.Release|Any CPU.ActiveCfg = Release|Any CPU
		{09AF8515-E91F-4CCA-BA99-4E1ED996F6B4}.Release|Any CPU.Build.0 = Release|Any CPU
		{09AF8515-E91F-4CCA-BA99-4E1ED996F6B4}.Release|Mixed Platforms.ActiveCfg = Release|Any CPU
		{09AF8515-E91F-4CCA-BA99-4E1ED996F6B4}.Release|Mixed Platforms.Build.0 = Release|Any CPU
		{09AF8515-E91F-4CCA-BA99-4E1ED996F6B4}.Release|Win32.ActiveCfg = Release|Any CPU
		{831DA75B-2945-4152-9F8C-78741DEBF023}.Debug|Any CPU.ActiveCfg = Debug|Any CPU
		{831DA75B-2945-4152-9F8C-78741DEBF023}.Debug|Any CPU.Build.0 = Debug|Any CPU
		{831DA75B-2945-4152-9F8C-78741DEBF023}.Debug|Mixed Platforms.ActiveCfg = Debug|Any CPU
		{831DA75B-2945-4152-9F8C-78741DEBF023}.Debug|Mixed Platforms.Build.0 = Debug|Any CPU
		{831DA75B-2945-4152-9F8C-78741DEBF023}.Debug|Win32.ActiveCfg = Debug|Any CPU
		{831DA75B-2945-4152-9F8C-78741DEBF023}.Release|Any CPU.ActiveCfg = Release|Any CPU
		{831DA75B-2945-4152-9F8C-78741DEBF023}.Release|Any CPU.Build.0 = Release|Any CPU
		{831DA75B-2945-4152-9F8C-78741DEBF023}.Release|Mixed Platforms.ActiveCfg = Release|Any CPU
		{831DA75B-2945-4152-9F8C-78741DEBF023}.Release|Mixed Platforms.Build.0 = Release|Any CPU
		{831DA75B-2945-4152-9F8C-78741DEBF023}.Release|Win32.ActiveCfg = Release|Any CPU
	EndGlobalSection
	GlobalSection(SolutionProperties) = preSolution
		HideSolutionNode = FALSE
	EndGlobalSection
	GlobalSection(NestedProjects) = preSolution
		{90B50DEA-55A1-4294-91BA-F242DC212282} = {BCB37FF9-E2D7-4935-87A2-E42037B2BA55}
		{786BBAD9-4003-4704-9ED1-D39EFBDE414C} = {BCB37FF9-E2D7-4935-87A2-E42037B2BA55}
		{E4FE906A-70F7-403D-8422-C28754D5F3C2} = {BCB37FF9-E2D7-4935-87A2-E42037B2BA55}
		{17A72484-BDE2-4150-98C7-586D675E3D82} = {BCB37FF9-E2D7-4935-87A2-E42037B2BA55}
		{831DA75B-2945-4152-9F8C-78741DEBF023} = {BCB37FF9-E2D7-4935-87A2-E42037B2BA55}
	EndGlobalSection
EndGlobal
